# This file was autogenerated by Stack.
# You should not edit this file by hand.
# For more information, please see the documentation at:
#   https://docs.haskellstack.org/en/stable/lock_files

packages:
- completed:
    hackage: elm-export-persistent-0.2.0@sha256:d2f148a816530ff96dec60581ce7c8f89cd2c4620587259629761088eeab8c7b,1491
    pantry-tree:
      size: 429
      sha256: de0d09d1017fc118c1acefaa53ae7d40e47b018102f62758045f5a600ee271cd
  original:
    hackage: elm-export-persistent-0.2.0
- completed:
    hackage: servant-options-0.1.0.0@sha256:39f50166a68006250e79370372f553ca476f14d06d93fa0c401050253aeba803,914
    pantry-tree:
      size: 293
      sha256: 7812baf1b27c62068ba634207fbd7077b886424d666b36739a78c6d4008a1fd4
  original:
    hackage: servant-options-0.1.0.0@sha256:39f50166a68006250e79370372f553ca476f14d06d93fa0c401050253aeba803,914
- completed:
    hackage: servant-foreign-0.15@sha256:bf35d15e63531d2a9a70b1ef0916b80365fadd3d6947b3eb8d927fa07a84bbaa,2790
    pantry-tree:
      size: 590
      sha256: 3f2b671154d3e42e2582a2a7e9c53e96831b0e2b93678f6fe917d408cd5d044e
  original:
    hackage: servant-foreign-0.15
- completed:
    hackage: servant-elm-0.5.0.0@sha256:5195750459208b828ff19ffa9413b765743b0037763f75780390c1c3f5542310,4423
    pantry-tree:
      size: 1945
      sha256: 5acfcc8dbdc879d71a5870b9a606cb443323a8fe4cac40a3f41b8cfde1003e7a
  original:
    hackage: servant-elm-0.5.0.0
snapshots:
- completed:
    size: 500539
    url: https://raw.githubusercontent.com/commercialhaskell/stackage-snapshots/master/lts/13/27.yaml
    sha256: 690db832392afe55733b4c7023fd29b1b1c660ee42f1fb505b86b07394ca994e
  original: lts-13.27
